
Microsoft Visual Studio Solution File, Format Version 12.00
# Visual Studio Version 17
VisualStudioVersion = 17.0.31903.59
MinimumVisualStudioVersion = 10.0.40219.1
Project("{2150E333-8FDC-42A3-9474-1A3956D46DE8}") = "src", "src", "{F57A88B8-B9E3-47D7-8858-37735CD98B02}"
EndProject
Project("{FAE04EC0-301F-11D3-BF4B-00C04F79EFBC}") = "RecentDock.Core", "src\RecentDock.Core\RecentDock.Core.csproj", "{32E86EF0-618B-4FFE-8DC2-2C5707D1ABF9}"
EndProject
Project("{FAE04EC0-301F-11D3-BF4B-00C04F79EFBC}") = "RecentDock.App", "src\RecentDock.App\RecentDock.App.csproj", "{A7BC136B-4BE2-4758-9312-D2D2F4F9B0D8}"
EndProject
Project("{2150E333-8FDC-42A3-9474-1A3956D46DE8}") = "tests", "tests", "{F8A4A784-E0B3-4529-B2B0-182A9FEB5877}"
EndProject
Project("{FAE04EC0-301F-11D3-BF4B-00C04F79EFBC}") = "RecentDock.Core.Tests", "tests\RecentDock.Core.Tests\RecentDock.Core.Tests.csproj", "{22CC8F48-3E51-4486-9E1A-56E28C6D7129}"
EndProject
Global
	GlobalSection(SolutionConfigurationPlatforms) = preSolution
		Debug|Any CPU = Debug|Any CPU
		Release|Any CPU = Release|Any CPU
	EndGlobalSection
	GlobalSection(SolutionProperties) = preSolution
		HideSolutionNode = FALSE
	EndGlobalSection
	GlobalSection(ProjectConfigurationPlatforms) = postSolution
		{32E86EF0-618B-4FFE-8DC2-2C5707D1ABF9}.Debug|Any CPU.ActiveCfg = Debug|Any CPU
		{32E86EF0-618B-4FFE-8DC2-2C5707D1ABF9}.Debug|Any CPU.Build.0 = Debug|Any CPU
		{32E86EF0-618B-4FFE-8DC2-2C5707D1ABF9}.Release|Any CPU.ActiveCfg = Release|Any CPU
		{32E86EF0-618B-4FFE-8DC2-2C5707D1ABF9}.Release|Any CPU.Build.0 = Release|Any CPU
		{A7BC136B-4BE2-4758-9312-D2D2F4F9B0D8}.Debug|Any CPU.ActiveCfg = Debug|Any CPU
		{A7BC136B-4BE2-4758-9312-D2D2F4F9B0D8}.Debug|Any CPU.Build.0 = Debug|Any CPU
		{A7BC136B-4BE2-4758-9312-D2D2F4F9B0D8}.Release|Any CPU.ActiveCfg = Release|Any CPU
		{A7BC136B-4BE2-4758-9312-D2D2F4F9B0D8}.Release|Any CPU.Build.0 = Release|Any CPU
		{22CC8F48-3E51-4486-9E1A-56E28C6D7129}.Debug|Any CPU.ActiveCfg = Debug|Any CPU
		{22CC8F48-3E51-4486-9E1A-56E28C6D7129}.Debug|Any CPU.Build.0 = Debug|Any CPU
		{22CC8F48-3E51-4486-9E1A-56E28C6D7129}.Release|Any CPU.ActiveCfg = Release|Any CPU
		{22CC8F48-3E51-4486-9E1A-56E28C6D7129}.Release|Any CPU.Build.0 = Release|Any CPU
	EndGlobalSection
	GlobalSection(NestedProjects) = preSolution
		{32E86EF0-618B-4FFE-8DC2-2C5707D1ABF9} = {F57A88B8-B9E3-47D7-8858-37735CD98B02}
		{A7BC136B-4BE2-4758-9312-D2D2F4F9B0D8} = {F57A88B8-B9E3-47D7-8858-37735CD98B02}
		{22CC8F48-3E51-4486-9E1A-56E28C6D7129} = {F8A4A784-E0B3-4529-B2B0-182A9FEB5877}
	EndGlobalSection
EndGlobal
